# THIS IS AN AUTOGENERATED FILE. DO NOT EDIT THIS FILE DIRECTLY.
# yarn lockfile v1


proptypes@^1.1.0:
  version "1.1.0"
  resolved "https://registry.yarnpkg.com/proptypes/-/proptypes-1.1.0.tgz#78b3828a5aa6bb1308939e0de3c6044dfd4bd239"
  integrity sha512-589N0gHNvg6ocCDia1knxMwguEcZq1qyD8fVxFZEdZP0YKI+GTHyflsJH2mYE0YZbo1KNj5W8avdSR4iJDV+fw==
